
Microsoft Visual Studio Solution File, Format Version 12.00
# Visual Studio Version 17
VisualStudioVersion = 17.7.34024.191
MinimumVisualStudioVersion = 10.0.40219.1
Project("{FAE04EC0-301F-11D3-BF4B-00C04F79EFBC}") = "WPFBank", "WPFBank\WPFBank.csproj", "{4F7B0060-DBAA-4F20-A733-493851B61759}"
EndProject
Global
	GlobalSection(SolutionConfigurationPlatforms) = preSolution
		Debug|Any CPU = Debug|Any CPU
		Release|Any CPU = Release|Any CPU
	EndGlobalSection
	GlobalSection(ProjectConfigurationPlatforms) = postSolution
		{4F7B0060-DBAA-4F20-A733-493851B61759}.Debug|Any CPU.ActiveCfg = Debug|Any CPU
		{4F7B0060-DBAA-4F20-A733-493851B61759}.Debug|Any CPU.Build.0 = Debug|Any CPU
		{4F7B0060-DBAA-4F20-A733-493851B61759}.Release|Any CPU.ActiveCfg = Release|Any CPU
		{4F7B0060-DBAA-4F20-A733-493851B61759}.Release|Any CPU.Build.0 = Release|Any CPU
	EndGlobalSection
	GlobalSection(SolutionProperties) = preSolution
		HideSolutionNode = FALSE
	EndGlobalSection
	GlobalSection(ExtensibilityGlobals) = postSolution
		SolutionGuid = {33CC279B-71FD-40F7-96F2-9E06DA55F6D2}
	EndGlobalSection
EndGlobal
